{
  "name": "arkanoid",
  "version": "1.0.0",
  "lockfileVersion": 2,
  "requires": true,
  "packages": {
    "": {
      "name": "arkanoid",
      "version": "1.0.0",
      "license": "ISC",
      "dependencies": {
        "three": "^0.147.0",
        "typescript": "^4.9.3"
      }
    },
    "node_modules/three": {
      "version": "0.147.0",
      "resolved": "https://registry.npmjs.org/three/-/three-0.147.0.tgz",
      "integrity": "sha512-LPTOslYQXFkmvceQjFTNnVVli2LaVF6C99Pv34fJypp8NbQLbTlu3KinZ0zURghS5zEehK+VQyvWuPZ/Sm8fzw=="
    },
    "node_modules/typescript": {
      "version": "4.9.3",
      "resolved": "https://registry.npmjs.org/typescript/-/typescript-4.9.3.tgz",
      "integrity": "sha512-CIfGzTelbKNEnLpLdGFgdyKhG23CKdKgQPOBc+OUNrkJ2vr+KSzsSV5kq5iWhEQbok+quxgGzrAtGWCyU7tHnA==",
      "bin": {
        "tsc": "bin/tsc",
        "tsserver": "bin/tsserver"
      },
      "engines": {
        "node": ">=4.2.0"
      }
    }
  },
  "dependencies": {
    "three": {
      "version": "0.147.0",
      "resolved": "https://registry.npmjs.org/three/-/three-0.147.0.tgz",
      "integrity": "sha512-LPTOslYQXFkmvceQjFTNnVVli2LaVF6C99Pv34fJypp8NbQLbTlu3KinZ0zURghS5zEehK+VQyvWuPZ/Sm8fzw=="
    },
    "typescript": {
      "version": "4.9.3",
      "resolved": "https://registry.npmjs.org/typescript/-/typescript-4.9.3.tgz",
      "integrity": "sha512-CIfGzTelbKNEnLpLdGFgdyKhG23CKdKgQPOBc+OUNrkJ2vr+KSzsSV5kq5iWhEQbok+quxgGzrAtGWCyU7tHnA=="
    }
  }
}
